
Microsoft Visual Studio Solution File, Format Version 12.00
# Visual Studio 2013
VisualStudioVersion = 12.0.21005.1
MinimumVisualStudioVersion = 10.0.40219.1
Project("{FAE04EC0-301F-11D3-BF4B-00C04F79EFBC}") = "EDC2015-Trabalho3", "WebApplication1\EDC2015-Trabalho3.csproj", "{09417638-71AC-499E-9CAD-3AD29F0D5587}"
EndProject
Global
	GlobalSection(SolutionConfigurationPlatforms) = preSolution
		Debug|Any CPU = Debug|Any CPU
		Release|Any CPU = Release|Any CPU
	EndGlobalSection
	GlobalSection(ProjectConfigurationPlatforms) = postSolution
		{09417638-71AC-499E-9CAD-3AD29F0D5587}.Debug|Any CPU.ActiveCfg = Debug|Any CPU
		{09417638-71AC-499E-9CAD-3AD29F0D5587}.Debug|Any CPU.Build.0 = Debug|Any CPU
		{09417638-71AC-499E-9CAD-3AD29F0D5587}.Release|Any CPU.ActiveCfg = Release|Any CPU
		{09417638-71AC-499E-9CAD-3AD29F0D5587}.Release|Any CPU.Build.0 = Release|Any CPU
	EndGlobalSection
	GlobalSection(SolutionProperties) = preSolution
		HideSolutionNode = FALSE
	EndGlobalSection
EndGlobal
